
Microsoft Visual Studio Solution File, Format Version 11.00
# Visual Studio 2010
Project("{FAE04EC0-301F-11D3-BF4B-00C04F79EFBC}") = "OK_Pedidos", "OK_Pedidos.csproj", "{5D3CFD1C-D3A3-41BC-85F4-32C8E81F4BAE}"
EndProject
Project("{54435603-DBB4-11D2-8724-00A0C9A8B90C}") = "Instalar_Pedidos", "..\Instalar_Pedidos\Instalar_Pedidos.vdproj", "{303C0AB8-221A-4C54-B30D-5E6F96A6F185}"
EndProject
Global
	GlobalSection(SolutionConfigurationPlatforms) = preSolution
		Debug|x86 = Debug|x86
		Release|x86 = Release|x86
	EndGlobalSection
	GlobalSection(ProjectConfigurationPlatforms) = postSolution
		{5D3CFD1C-D3A3-41BC-85F4-32C8E81F4BAE}.Debug|x86.ActiveCfg = Debug|x86
		{5D3CFD1C-D3A3-41BC-85F4-32C8E81F4BAE}.Debug|x86.Build.0 = Debug|x86
		{5D3CFD1C-D3A3-41BC-85F4-32C8E81F4BAE}.Release|x86.ActiveCfg = Release|x86
		{5D3CFD1C-D3A3-41BC-85F4-32C8E81F4BAE}.Release|x86.Build.0 = Release|x86
		{303C0AB8-221A-4C54-B30D-5E6F96A6F185}.Debug|x86.ActiveCfg = Debug
		{303C0AB8-221A-4C54-B30D-5E6F96A6F185}.Release|x86.ActiveCfg = Release
	EndGlobalSection
	GlobalSection(SolutionProperties) = preSolution
		HideSolutionNode = FALSE
	EndGlobalSection
EndGlobal
